Microsoft Visual Studio Solution File, Format Version 11.00
# Visual Studio 2008

Project("{8A00F865-0323-A9A3-8EEF-39BF81FF8E44}") = "Sunken Treasure", "Assembly-CSharp-firstpass-vs.csproj", "{71B6CBF5-B98C-409A-7CA1-C8D85D052ADD}"
EndProject
Project("{8A00F865-0323-A9A3-8EEF-39BF81FF8E44}") = "Sunken Treasure", "Assembly-CSharp-vs.csproj", "{9E322E34-F296-06D6-915B-9F0650597A51}"
EndProject
Project("{8A00F865-0323-A9A3-8EEF-39BF81FF8E44}") = "Sunken Treasure", "Assembly-CSharp-Editor-vs.csproj", "{DF3E122F-436A-2F54-730F-60E06C1DC88C}"
EndProject
Global
	GlobalSection(SolutionConfigurationPlatforms) = preSolution
		Debug|Any CPU = Debug|Any CPU
		Release|Any CPU = Release|Any CPU
	EndGlobalSection
	GlobalSection(ProjectConfigurationPlatforms) = postSolution
		{71B6CBF5-B98C-409A-7CA1-C8D85D052ADD}.Debug|Any CPU.ActiveCfg = Debug|Any CPU
		{71B6CBF5-B98C-409A-7CA1-C8D85D052ADD}.Debug|Any CPU.Build.0 = Debug|Any CPU
		{71B6CBF5-B98C-409A-7CA1-C8D85D052ADD}.Release|Any CPU.ActiveCfg = Release|Any CPU
		{71B6CBF5-B98C-409A-7CA1-C8D85D052ADD}.Release|Any CPU.Build.0 = Release|Any CPU
		{9E322E34-F296-06D6-915B-9F0650597A51}.Debug|Any CPU.ActiveCfg = Debug|Any CPU
		{9E322E34-F296-06D6-915B-9F0650597A51}.Debug|Any CPU.Build.0 = Debug|Any CPU
		{9E322E34-F296-06D6-915B-9F0650597A51}.Release|Any CPU.ActiveCfg = Release|Any CPU
		{9E322E34-F296-06D6-915B-9F0650597A51}.Release|Any CPU.Build.0 = Release|Any CPU
		{DF3E122F-436A-2F54-730F-60E06C1DC88C}.Debug|Any CPU.ActiveCfg = Debug|Any CPU
		{DF3E122F-436A-2F54-730F-60E06C1DC88C}.Debug|Any CPU.Build.0 = Debug|Any CPU
		{DF3E122F-436A-2F54-730F-60E06C1DC88C}.Release|Any CPU.ActiveCfg = Release|Any CPU
		{DF3E122F-436A-2F54-730F-60E06C1DC88C}.Release|Any CPU.Build.0 = Release|Any CPU
	EndGlobalSection
	GlobalSection(SolutionProperties) = preSolution
		HideSolutionNode = FALSE
	EndGlobalSection
										GlobalSection(MonoDevelopProperties) = preSolution
		StartupItem = Assembly-CSharp.csproj
		Policies = $0
		$0.TextStylePolicy = $1
		$1.inheritsSet = null
		$1.scope = text/x-csharp
		$0.CSharpFormattingPolicy = $2
		$2.inheritsSet = Mono
		$2.inheritsScope = text/x-csharp
		$2.scope = text/x-csharp
		$0.TextStylePolicy = $3
		$3.FileWidth = 120
		$3.TabWidth = 4
		$3.IndentWidth = 4
		$3.EolMarker = Unix
		$3.inheritsSet = Mono
		$3.inheritsScope = text/plain
		$3.scope = text/plain
	EndGlobalSection

EndGlobal
